
Microsoft Visual Studio Solution File, Format Version 12.00
# Visual Studio 15
VisualStudioVersion = 15.0.28307.1758
MinimumVisualStudioVersion = 10.0.40219.1
Project("{FAE04EC0-301F-11D3-BF4B-00C04F79EFBC}") = "PartnerManagmentApp", "PartnerManagmentApp\PartnerManagmentApp.csproj", "{C6893176-CA33-4BCC-A7E1-117228EE2995}"
EndProject
Global
	GlobalSection(SolutionConfigurationPlatforms) = preSolution
		Debug|Any CPU = Debug|Any CPU
		Release|Any CPU = Release|Any CPU
	EndGlobalSection
	GlobalSection(ProjectConfigurationPlatforms) = postSolution
		{C6893176-CA33-4BCC-A7E1-117228EE2995}.Debug|Any CPU.ActiveCfg = Debug|Any CPU
		{C6893176-CA33-4BCC-A7E1-117228EE2995}.Debug|Any CPU.Build.0 = Debug|Any CPU
		{C6893176-CA33-4BCC-A7E1-117228EE2995}.Release|Any CPU.ActiveCfg = Release|Any CPU
		{C6893176-CA33-4BCC-A7E1-117228EE2995}.Release|Any CPU.Build.0 = Release|Any CPU
	EndGlobalSection
	GlobalSection(SolutionProperties) = preSolution
		HideSolutionNode = FALSE
	EndGlobalSection
	GlobalSection(ExtensibilityGlobals) = postSolution
		SolutionGuid = {F6E5C48B-2D9A-4CA3-811E-37BD9908958E}
	EndGlobalSection
EndGlobal
